// !$*UTF8*$!
{
	archiveVersion = 1;
	classes = {
	};
	objectVersion = 56;
	objects = {

/* Begin PBXBuildFile section */
		DC1872A12ACB1A2000AA5D22 /* SingleMenuItem.swift in Sources */ = {isa = PBXBuildFile; fileRef = DC1872A02ACB1A2000AA5D22 /* SingleMenuItem.swift */; };
		DC1872A32ACB1C5D00AA5D22 /* NavigationBar.swift in Sources */ = {isa = PBXBuildFile; fileRef = DC1872A22ACB1C5D00AA5D22 /* NavigationBar.swift */; };
		DC1872A52ACB1E2300AA5D22 /* HeroSection.swift in Sources */ = {isa = PBXBuildFile; fileRef = DC1872A42ACB1E2300AA5D22 /* HeroSection.swift */; };
		DC1872A72ACB1EF200AA5D22 /* MenuItemDetails.swift in Sources */ = {isa = PBXBuildFile; fileRef = DC1872A62ACB1EF200AA5D22 /* MenuItemDetails.swift */; };
		DC4053B02AAEC78000FB0EF0 /* LittleLemonApp.swift in Sources */ = {isa = PBXBuildFile; fileRef = DC4053AF2AAEC78000FB0EF0 /* LittleLemonApp.swift */; };
		DC4053B42AAEC78100FB0EF0 /* Assets.xcassets in Resources */ = {isa = PBXBuildFile; fileRef = DC4053B32AAEC78100FB0EF0 /* Assets.xcassets */; };
		DC4053B72AAEC78100FB0EF0 /* Preview Assets.xcassets in Resources */ = {isa = PBXBuildFile; fileRef = DC4053B62AAEC78100FB0EF0 /* Preview Assets.xcassets */; };
		DC49CA622AC0F5E500698ADD /* Onboarding.swift in Sources */ = {isa = PBXBuildFile; fileRef = DC49CA612AC0F5E500698ADD /* Onboarding.swift */; };
		DC49CA642AC1E2CD00698ADD /* Home.swift in Sources */ = {isa = PBXBuildFile; fileRef = DC49CA632AC1E2CD00698ADD /* Home.swift */; };
		DC49CA662AC1E44700698ADD /* Menu.swift in Sources */ = {isa = PBXBuildFile; fileRef = DC49CA652AC1E44700698ADD /* Menu.swift */; };
		DC49CA6A2AC9109400698ADD /* FetchedObjects.swift in Sources */ = {isa = PBXBuildFile; fileRef = DC49CA692AC9109400698ADD /* FetchedObjects.swift */; };
		DC49CA6C2AC9109F00698ADD /* Persistence.swift in Sources */ = {isa = PBXBuildFile; fileRef = DC49CA6B2AC9109F00698ADD /* Persistence.swift */; };
		DC49CA6E2AC910FF00698ADD /* MenuList.swift in Sources */ = {isa = PBXBuildFile; fileRef = DC49CA6D2AC910FF00698ADD /* MenuList.swift */; };
		DC49CA702AC9110700698ADD /* MenuItem.swift in Sources */ = {isa = PBXBuildFile; fileRef = DC49CA6F2AC9110700698ADD /* MenuItem.swift */; };
		DC64945F2AC486B400D7FEBA /* UserProfile.swift in Sources */ = {isa = PBXBuildFile; fileRef = DC64945E2AC486B400D7FEBA /* UserProfile.swift */; };
		DC9564752AC93B5E00CC04CC /* ExampleDatabase.xcdatamodeld in Sources */ = {isa = PBXBuildFile; fileRef = DC9564732AC93B5E00CC04CC /* ExampleDatabase.xcdatamodeld */; };
/* End PBXBuildFile section */

/* Begin PBXFileReference section */
		DC1872A02ACB1A2000AA5D22 /* SingleMenuItem.swift */ = {isa = PBXFileReference; lastKnownFileType = sourcecode.swift; path = SingleMenuItem.swift; sourceTree = "<group>"; };
		DC1872A22ACB1C5D00AA5D22 /* NavigationBar.swift */ = {isa = PBXFileReference; lastKnownFileType = sourcecode.swift; path = NavigationBar.swift; sourceTree = "<group>"; };
		DC1872A42ACB1E2300AA5D22 /* HeroSection.swift */ = {isa = PBXFileReference; lastKnownFileType = sourcecode.swift; path = HeroSection.swift; sourceTree = "<group>"; };
		DC1872A62ACB1EF200AA5D22 /* MenuItemDetails.swift */ = {isa = PBXFileReference; lastKnownFileType = sourcecode.swift; path = MenuItemDetails.swift; sourceTree = "<group>"; };
		DC4053AC2AAEC78000FB0EF0 /* LittleLemon.app */ = {isa = PBXFileReference; explicitFileType = wrapper.application; includeInIndex = 0; path = LittleLemon.app; sourceTree = BUILT_PRODUCTS_DIR; };
		DC4053AF2AAEC78000FB0EF0 /* LittleLemonApp.swift */ = {isa = PBXFileReference; lastKnownFileType = sourcecode.swift; path = LittleLemonApp.swift; sourceTree = "<group>"; };
		DC4053B32AAEC78100FB0EF0 /* Assets.xcassets */ = {isa = PBXFileReference; lastKnownFileType = folder.assetcatalog; path = Assets.xcassets; sourceTree = "<group>"; };
		DC4053B62AAEC78100FB0EF0 /* Preview Assets.xcassets */ = {isa = PBXFileReference; lastKnownFileType = folder.assetcatalog; path = "Preview Assets.xcassets"; sourceTree = "<group>"; };
		DC49CA612AC0F5E500698ADD /* Onboarding.swift */ = {isa = PBXFileReference; lastKnownFileType = sourcecode.swift; path = Onboarding.swift; sourceTree = "<group>"; };
		DC49CA632AC1E2CD00698ADD /* Home.swift */ = {isa = PBXFileReference; lastKnownFileType = sourcecode.swift; path = Home.swift; sourceTree = "<group>"; };
		DC49CA652AC1E44700698ADD /* Menu.swift */ = {isa = PBXFileReference; lastKnownFileType = sourcecode.swift; path = Menu.swift; sourceTree = "<group>"; };
		DC49CA692AC9109400698ADD /* FetchedObjects.swift */ = {isa = PBXFileReference; fileEncoding = 4; lastKnownFileType = sourcecode.swift; path = FetchedObjects.swift; sourceTree = "<group>"; };
		DC49CA6B2AC9109F00698ADD /* Persistence.swift */ = {isa = PBXFileReference; fileEncoding = 4; lastKnownFileType = sourcecode.swift; path = Persistence.swift; sourceTree = "<group>"; };
		DC49CA6D2AC910FF00698ADD /* MenuList.swift */ = {isa = PBXFileReference; lastKnownFileType = sourcecode.swift; path = MenuList.swift; sourceTree = "<group>"; };
		DC49CA6F2AC9110700698ADD /* MenuItem.swift */ = {isa = PBXFileReference; lastKnownFileType = sourcecode.swift; path = MenuItem.swift; sourceTree = "<group>"; };
		DC64945E2AC486B400D7FEBA /* UserProfile.swift */ = {isa = PBXFileReference; lastKnownFileType = sourcecode.swift; path = UserProfile.swift; sourceTree = "<group>"; };
		DC9564742AC93B5E00CC04CC /* ExampleDatabase.xcdatamodel */ = {isa = PBXFileReference; lastKnownFileType = wrapper.xcdatamodel; path = ExampleDatabase.xcdatamodel; sourceTree = "<group>"; };
/* End PBXFileReference section */

/* Begin PBXFrameworksBuildPhase section */
		DC4053A92AAEC78000FB0EF0 /* Frameworks */ = {
			isa = PBXFrameworksBuildPhase;
			buildActionMask = 2147483647;
			files = (
			);
			runOnlyForDeploymentPostprocessing = 0;
		};
/* End PBXFrameworksBuildPhase section */

/* Begin PBXGroup section */
		DC1872A82ACD1B4100AA5D22 /* Coursera_Provided */ = {
			isa = PBXGroup;
			children = (
				DC49CA692AC9109400698ADD /* FetchedObjects.swift */,
				DC49CA6B2AC9109F00698ADD /* Persistence.swift */,
			);
			path = Coursera_Provided;
			sourceTree = "<group>";
		};
		DC4053A32AAEC78000FB0EF0 = {
			isa = PBXGroup;
			children = (
				DC4053AE2AAEC78000FB0EF0 /* LittleLemon */,
				DC4053AD2AAEC78000FB0EF0 /* Products */,
			);
			sourceTree = "<group>";
		};
		DC4053AD2AAEC78000FB0EF0 /* Products */ = {
			isa = PBXGroup;
			children = (
				DC4053AC2AAEC78000FB0EF0 /* LittleLemon.app */,
			);
			name = Products;
			sourceTree = "<group>";
		};
		DC4053AE2AAEC78000FB0EF0 /* LittleLemon */ = {
			isa = PBXGroup;
			children = (
				DC4053AF2AAEC78000FB0EF0 /* LittleLemonApp.swift */,
				DC81E9D02ACD233700B624B3 /* MainScreens */,
				DC81E9D12ACD254900B624B3 /* SubViews */,
				DC81E9D22ACD258E00B624B3 /* DataStructures */,
				DC1872A82ACD1B4100AA5D22 /* Coursera_Provided */,
				DC9564732AC93B5E00CC04CC /* ExampleDatabase.xcdatamodeld */,
				DC4053B32AAEC78100FB0EF0 /* Assets.xcassets */,
				DC4053B52AAEC78100FB0EF0 /* Preview Content */,
			);
			path = LittleLemon;
			sourceTree = "<group>";
		};
		DC4053B52AAEC78100FB0EF0 /* Preview Content */ = {
			isa = PBXGroup;
			children = (
				DC4053B62AAEC78100FB0EF0 /* Preview Assets.xcassets */,
			);
			path = "Preview Content";
			sourceTree = "<group>";
		};
		DC81E9D02ACD233700B624B3 /* MainScreens */ = {
			isa = PBXGroup;
			children = (
				DC49CA612AC0F5E500698ADD /* Onboarding.swift */,
				DC49CA632AC1E2CD00698ADD /* Home.swift */,
				DC64945E2AC486B400D7FEBA /* UserProfile.swift */,
			);
			path = MainScreens;
			sourceTree = "<group>";
		};
		DC81E9D12ACD254900B624B3 /* SubViews */ = {
			isa = PBXGroup;
			children = (
				DC49CA652AC1E44700698ADD /* Menu.swift */,
				DC1872A62ACB1EF200AA5D22 /* MenuItemDetails.swift */,
				DC1872A42ACB1E2300AA5D22 /* HeroSection.swift */,
				DC1872A22ACB1C5D00AA5D22 /* NavigationBar.swift */,
				DC1872A02ACB1A2000AA5D22 /* SingleMenuItem.swift */,
			);
			path = SubViews;
			sourceTree = "<group>";
		};
		DC81E9D22ACD258E00B624B3 /* DataStructures */ = {
			isa = PBXGroup;
			children = (
				DC49CA6D2AC910FF00698ADD /* MenuList.swift */,
				DC49CA6F2AC9110700698ADD /* MenuItem.swift */,
			);
			path = DataStructures;
			sourceTree = "<group>";
		};
/* End PBXGroup section */

/* Begin PBXNativeTarget section */
		DC4053AB2AAEC78000FB0EF0 /* LittleLemon */ = {
			isa = PBXNativeTarget;
			buildConfigurationList = DC4053BA2AAEC78100FB0EF0 /* Build configuration list for PBXNativeTarget "LittleLemon" */;
			buildPhases = (
				DC4053A82AAEC78000FB0EF0 /* Sources */,
				DC4053A92AAEC78000FB0EF0 /* Frameworks */,
				DC4053AA2AAEC78000FB0EF0 /* Resources */,
			);
			buildRules = (
			);
			dependencies = (
			);
			name = LittleLemon;
			productName = LittleLemon;
			productReference = DC4053AC2AAEC78000FB0EF0 /* LittleLemon.app */;
			productType = "com.apple.product-type.application";
		};
/* End PBXNativeTarget section */

/* Begin PBXProject section */
		DC4053A42AAEC78000FB0EF0 /* Project object */ = {
			isa = PBXProject;
			attributes = {
				BuildIndependentTargetsInParallel = 1;
				LastSwiftUpdateCheck = 1430;
				LastUpgradeCheck = 1540;
				TargetAttributes = {
					DC4053AB2AAEC78000FB0EF0 = {
						CreatedOnToolsVersion = 14.3.1;
					};
				};
			};
			buildConfigurationList = DC4053A72AAEC78000FB0EF0 /* Build configuration list for PBXProject "LittleLemon" */;
			compatibilityVersion = "Xcode 14.0";
			developmentRegion = en;
			hasScannedForEncodings = 0;
			knownRegions = (
				en,
				Base,
			);
			mainGroup = DC4053A32AAEC78000FB0EF0;
			productRefGroup = DC4053AD2AAEC78000FB0EF0 /* Products */;
			projectDirPath = "";
			projectRoot = "";
			targets = (
				DC4053AB2AAEC78000FB0EF0 /* LittleLemon */,
			);
		};
/* End PBXProject section */

/* Begin PBXResourcesBuildPhase section */
		DC4053AA2AAEC78000FB0EF0 /* Resources */ = {
			isa = PBXResourcesBuildPhase;
			buildActionMask = 2147483647;
			files = (
				DC4053B72AAEC78100FB0EF0 /* Preview Assets.xcassets in Resources */,
				DC4053B42AAEC78100FB0EF0 /* Assets.xcassets in Resources */,
			);
			runOnlyForDeploymentPostprocessing = 0;
		};
/* End PBXResourcesBuildPhase section */

/* Begin PBXSourcesBuildPhase section */
		DC4053A82AAEC78000FB0EF0 /* Sources */ = {
			isa = PBXSourcesBuildPhase;
			buildActionMask = 2147483647;
			files = (
				DC1872A72ACB1EF200AA5D22 /* MenuItemDetails.swift in Sources */,
				DC9564752AC93B5E00CC04CC /* ExampleDatabase.xcdatamodeld in Sources */,
				DC1872A12ACB1A2000AA5D22 /* SingleMenuItem.swift in Sources */,
				DC49CA622AC0F5E500698ADD /* Onboarding.swift in Sources */,
				DC49CA6C2AC9109F00698ADD /* Persistence.swift in Sources */,
				DC1872A52ACB1E2300AA5D22 /* HeroSection.swift in Sources */,
				DC49CA642AC1E2CD00698ADD /* Home.swift in Sources */,
				DC64945F2AC486B400D7FEBA /* UserProfile.swift in Sources */,
				DC49CA662AC1E44700698ADD /* Menu.swift in Sources */,
				DC49CA6A2AC9109400698ADD /* FetchedObjects.swift in Sources */,
				DC49CA6E2AC910FF00698ADD /* MenuList.swift in Sources */,
				DC4053B02AAEC78000FB0EF0 /* LittleLemonApp.swift in Sources */,
				DC49CA702AC9110700698ADD /* MenuItem.swift in Sources */,
				DC1872A32ACB1C5D00AA5D22 /* NavigationBar.swift in Sources */,
			);
			runOnlyForDeploymentPostprocessing = 0;
		};
/* End PBXSourcesBuildPhase section */

/* Begin XCBuildConfiguration section */
		DC4053B82AAEC78100FB0EF0 /* Debug */ = {
			isa = XCBuildConfiguration;
			buildSettings = {
				ALWAYS_SEARCH_USER_PATHS = NO;
				CLANG_ANALYZER_NONNULL = YES;
				CLANG_ANALYZER_NUMBER_OBJECT_CONVERSION = YES_AGGRESSIVE;
				CLANG_CXX_LANGUAGE_STANDARD = "gnu++20";
				CLANG_ENABLE_MODULES = YES;
				CLANG_ENABLE_OBJC_ARC = YES;
				CLANG_ENABLE_OBJC_WEAK = YES;
				CLANG_WARN_BLOCK_CAPTURE_AUTORELEASING = YES;
				CLANG_WARN_BOOL_CONVERSION = YES;
				CLANG_WARN_COMMA = YES;
				CLANG_WARN_CONSTANT_CONVERSION = YES;
				CLANG_WARN_DEPRECATED_OBJC_IMPLEMENTATIONS = YES;
				CLANG_WARN_DIRECT_OBJC_ISA_USAGE = YES_ERROR;
				CLANG_WARN_DOCUMENTATION_COMMENTS = YES;
				CLANG_WARN_EMPTY_BODY = YES;
				CLANG_WARN_ENUM_CONVERSION = YES;
				CLANG_WARN_INFINITE_RECURSION = YES;
				CLANG_WARN_INT_CONVERSION = YES;
				CLANG_WARN_NON_LITERAL_NULL_CONVERSION = YES;
				CLANG_WARN_OBJC_IMPLICIT_RETAIN_SELF = YES;
				CLANG_WARN_OBJC_LITERAL_CONVERSION = YES;
				CLANG_WARN_OBJC_ROOT_CLASS = YES_ERROR;
				CLANG_WARN_QUOTED_INCLUDE_IN_FRAMEWORK_HEADER = YES;
				CLANG_WARN_RANGE_LOOP_ANALYSIS = YES;
				CLANG_WARN_STRICT_PROTOTYPES = YES;
				CLANG_WARN_SUSPICIOUS_MOVE = YES;
				CLANG_WARN_UNGUARDED_AVAILABILITY = YES_AGGRESSIVE;
				CLANG_WARN_UNREACHABLE_CODE = YES;
				CLANG_WARN__DUPLICATE_METHOD_MATCH = YES;
				COPY_PHASE_STRIP = NO;
				DEBUG_INFORMATION_FORMAT = dwarf;
				ENABLE_STRICT_OBJC_MSGSEND = YES;
				ENABLE_TESTABILITY = YES;
				ENABLE_USER_SCRIPT_SANDBOXING = YES;
				GCC_C_LANGUAGE_STANDARD = gnu11;
				GCC_DYNAMIC_NO_PIC = NO;
				GCC_NO_COMMON_BLOCKS = YES;
				GCC_OPTIMIZATION_LEVEL = 0;
				GCC_PREPROCESSOR_DEFINITIONS = (
					"DEBUG=1",
					"$(inherited)",
				);
				GCC_WARN_64_TO_32_BIT_CONVERSION = YES;
				GCC_WARN_ABOUT_RETURN_TYPE = YES_ERROR;
				GCC_WARN_UNDECLARED_SELECTOR = YES;
				GCC_WARN_UNINITIALIZED_AUTOS = YES_AGGRESSIVE;
				GCC_WARN_UNUSED_FUNCTION = YES;
				GCC_WARN_UNUSED_VARIABLE = YES;
				IPHONEOS_DEPLOYMENT_TARGET = 16.4;
				MTL_ENABLE_DEBUG_INFO = INCLUDE_SOURCE;
				MTL_FAST_MATH = YES;
				ONLY_ACTIVE_ARCH = YES;
				SDKROOT = iphoneos;
				SWIFT_ACTIVE_COMPILATION_CONDITIONS = DEBUG;
				SWIFT_OPTIMIZATION_LEVEL = "-Onone";
			};
			name = Debug;
		};
		DC4053B92AAEC78100FB0EF0 /* Release */ = {
			isa = XCBuildConfiguration;
			buildSettings = {
				ALWAYS_SEARCH_USER_PATHS = NO;
				CLANG_ANALYZER_NONNULL = YES;
				CLANG_ANALYZER_NUMBER_OBJECT_CONVERSION = YES_AGGRESSIVE;
				CLANG_CXX_LANGUAGE_STANDARD = "gnu++20";
				CLANG_ENABLE_MODULES = YES;
				CLANG_ENABLE_OBJC_ARC = YES;
				CLANG_ENABLE_OBJC_WEAK = YES;
				CLANG_WARN_BLOCK_CAPTURE_AUTORELEASING = YES;
				CLANG_WARN_BOOL_CONVERSION = YES;
				CLANG_WARN_COMMA = YES;
				CLANG_WARN_CONSTANT_CONVERSION = YES;
				CLANG_WARN_DEPRECATED_OBJC_IMPLEMENTATIONS = YES;
				CLANG_WARN_DIRECT_OBJC_ISA_USAGE = YES_ERROR;
				CLANG_WARN_DOCUMENTATION_COMMENTS = YES;
				CLANG_WARN_EMPTY_BODY = YES;
				CLANG_WARN_ENUM_CONVERSION = YES;
				CLANG_WARN_INFINITE_RECURSION = YES;
				CLANG_WARN_INT_CONVERSION = YES;
				CLANG_WARN_NON_LITERAL_NULL_CONVERSION = YES;
				CLANG_WARN_OBJC_IMPLICIT_RETAIN_SELF = YES;
				CLANG_WARN_OBJC_LITERAL_CONVERSION = YES;
				CLANG_WARN_OBJC_ROOT_CLASS = YES_ERROR;
				CLANG_WARN_QUOTED_INCLUDE_IN_FRAMEWORK_HEADER = YES;
				CLANG_WARN_RANGE_LOOP_ANALYSIS = YES;
				CLANG_WARN_STRICT_PROTOTYPES = YES;
				CLANG_WARN_SUSPICIOUS_MOVE = YES;
				CLANG_WARN_UNGUARDED_AVAILABILITY = YES_AGGRESSIVE;
				CLANG_WARN_UNREACHABLE_CODE = YES;
				CLANG_WARN__DUPLICATE_METHOD_MATCH = YES;
				COPY_PHASE_STRIP = NO;
				DEBUG_INFORMATION_FORMAT = "dwarf-with-dsym";
				ENABLE_NS_ASSERTIONS = NO;
				ENABLE_STRICT_OBJC_MSGSEND = YES;
				ENABLE_USER_SCRIPT_SANDBOXING = YES;
				GCC_C_LANGUAGE_STANDARD = gnu11;
				GCC_NO_COMMON_BLOCKS = YES;
				GCC_WARN_64_TO_32_BIT_CONVERSION = YES;
				GCC_WARN_ABOUT_RETURN_TYPE = YES_ERROR;
				GCC_WARN_UNDECLARED_SELECTOR = YES;
				GCC_WARN_UNINITIALIZED_AUTOS = YES_AGGRESSIVE;
				GCC_WARN_UNUSED_FUNCTION = YES;
				GCC_WARN_UNUSED_VARIABLE = YES;
				IPHONEOS_DEPLOYMENT_TARGET = 16.4;
				MTL_ENABLE_DEBUG_INFO = NO;
				MTL_FAST_MATH = YES;
				SDKROOT = iphoneos;
				SWIFT_COMPILATION_MODE = wholemodule;
				SWIFT_OPTIMIZATION_LEVEL = "-O";
				VALIDATE_PRODUCT = YES;
			};
			name = Release;
		};
		DC4053BB2AAEC78100FB0EF0 /* Debug */ = {
			isa = XCBuildConfiguration;
			buildSettings = {
				ASSETCATALOG_COMPILER_APPICON_NAME = AppIcon;
				ASSETCATALOG_COMPILER_GLOBAL_ACCENT_COLOR_NAME = AccentColor;
				CODE_SIGN_STYLE = Automatic;
				CURRENT_PROJECT_VERSION = 1;
				DEVELOPMENT_ASSET_PATHS = "\"LittleLemon/Preview Content\"";
				DEVELOPMENT_TEAM = "";
				ENABLE_PREVIEWS = YES;
				GENERATE_INFOPLIST_FILE = YES;
				INFOPLIST_KEY_UIApplicationSceneManifest_Generation = YES;
				INFOPLIST_KEY_UIApplicationSupportsIndirectInputEvents = YES;
				INFOPLIST_KEY_UILaunchScreen_Generation = YES;
				INFOPLIST_KEY_UISupportedInterfaceOrientations_iPad = "UIInterfaceOrientationPortrait UIInterfaceOrientationPortraitUpsideDown UIInterfaceOrientationLandscapeLeft UIInterfaceOrientationLandscapeRight";
				INFOPLIST_KEY_UISupportedInterfaceOrientations_iPhone = "UIInterfaceOrientationPortrait UIInterfaceOrientationLandscapeLeft UIInterfaceOrientationLandscapeRight";
				LD_RUNPATH_SEARCH_PATHS = (
					"$(inherited)",
					"@executable_path/Frameworks",
				);
				MARKETING_VERSION = 1.0;
				PRODUCT_BUNDLE_IDENTIFIER = com.amrwaleedhelmy.LittleLemon;
				PRODUCT_NAME = "$(TARGET_NAME)";
				SWIFT_EMIT_LOC_STRINGS = YES;
				SWIFT_VERSION = 5.0;
				TARGETED_DEVICE_FAMILY = "1,2";
			};
			name = Debug;
		};
		DC4053BC2AAEC78100FB0EF0 /* Release */ = {
			isa = XCBuildConfiguration;
			buildSettings = {
				ASSETCATALOG_COMPILER_APPICON_NAME = AppIcon;
				ASSETCATALOG_COMPILER_GLOBAL_ACCENT_COLOR_NAME = AccentColor;
				CODE_SIGN_STYLE = Automatic;
				CURRENT_PROJECT_VERSION = 1;
				DEVELOPMENT_ASSET_PATHS = "\"LittleLemon/Preview Content\"";
				DEVELOPMENT_TEAM = "";
				ENABLE_PREVIEWS = YES;
				GENERATE_INFOPLIST_FILE = YES;
				INFOPLIST_KEY_UIApplicationSceneManifest_Generation = YES;
				INFOPLIST_KEY_UIApplicationSupportsIndirectInputEvents = YES;
				INFOPLIST_KEY_UILaunchScreen_Generation = YES;
				INFOPLIST_KEY_UISupportedInterfaceOrientations_iPad = "UIInterfaceOrientationPortrait UIInterfaceOrientationPortraitUpsideDown UIInterfaceOrientationLandscapeLeft UIInterfaceOrientationLandscapeRight";
				INFOPLIST_KEY_UISupportedInterfaceOrientations_iPhone = "UIInterfaceOrientationPortrait UIInterfaceOrientationLandscapeLeft UIInterfaceOrientationLandscapeRight";
				LD_RUNPATH_SEARCH_PATHS = (
					"$(inherited)",
					"@executable_path/Frameworks",
				);
				MARKETING_VERSION = 1.0;
				PRODUCT_BUNDLE_IDENTIFIER = com.amrwaleedhelmy.LittleLemon;
				PRODUCT_NAME = "$(TARGET_NAME)";
				SWIFT_EMIT_LOC_STRINGS = YES;
				SWIFT_VERSION = 5.0;
				TARGETED_DEVICE_FAMILY = "1,2";
			};
			name = Release;
		};
/* End XCBuildConfiguration section */

/* Begin XCConfigurationList section */
		DC4053A72AAEC78000FB0EF0 /* Build configuration list for PBXProject "LittleLemon" */ = {
			isa = XCConfigurationList;
			buildConfigurations = (
				DC4053B82AAEC78100FB0EF0 /* Debug */,
				DC4053B92AAEC78100FB0EF0 /* Release */,
			);
			defaultConfigurationIsVisible = 0;
			defaultConfigurationName = Release;
		};
		DC4053BA2AAEC78100FB0EF0 /* Build configuration list for PBXNativeTarget "LittleLemon" */ = {
			isa = XCConfigurationList;
			buildConfigurations = (
				DC4053BB2AAEC78100FB0EF0 /* Debug */,
				DC4053BC2AAEC78100FB0EF0 /* Release */,
			);
			defaultConfigurationIsVisible = 0;
			defaultConfigurationName = Release;
		};
/* End XCConfigurationList section */

/* Begin XCVersionGroup section */
		DC9564732AC93B5E00CC04CC /* ExampleDatabase.xcdatamodeld */ = {
			isa = XCVersionGroup;
			children = (
				DC9564742AC93B5E00CC04CC /* ExampleDatabase.xcdatamodel */,
			);
			currentVersion = DC9564742AC93B5E00CC04CC /* ExampleDatabase.xcdatamodel */;
			path = ExampleDatabase.xcdatamodeld;
			sourceTree = "<group>";
			versionGroupType = wrapper.xcdatamodel;
		};
/* End XCVersionGroup section */
	};
	rootObject = DC4053A42AAEC78000FB0EF0 /* Project object */;
}
